
Microsoft Visual Studio Solution File, Format Version 12.00
# Visual Studio Version 17
VisualStudioVersion = 17.12.35527.113 d17.12
MinimumVisualStudioVersion = 10.0.40219.1
Project("{FAE04EC0-301F-11D3-BF4B-00C04F79EFBC}") = "parkingLot", "parkingLot.csproj", "{3239AECC-AF1A-46F0-B67F-7139D778AF47}"
EndProject
Global
	GlobalSection(SolutionConfigurationPlatforms) = preSolution
		Debug|Any CPU = Debug|Any CPU
		Release|Any CPU = Release|Any CPU
	EndGlobalSection
	GlobalSection(ProjectConfigurationPlatforms) = postSolution
		{3239AECC-AF1A-46F0-B67F-7139D778AF47}.Debug|Any CPU.ActiveCfg = Debug|Any CPU
		{3239AECC-AF1A-46F0-B67F-7139D778AF47}.Debug|Any CPU.Build.0 = Debug|Any CPU
		{3239AECC-AF1A-46F0-B67F-7139D778AF47}.Release|Any CPU.ActiveCfg = Release|Any CPU
		{3239AECC-AF1A-46F0-B67F-7139D778AF47}.Release|Any CPU.Build.0 = Release|Any CPU
	EndGlobalSection
	GlobalSection(SolutionProperties) = preSolution
		HideSolutionNode = FALSE
	EndGlobalSection
EndGlobal
